// !$*UTF8*$!
{
	archiveVersion = 1;
	classes = {
	};
	objectVersion = 52;
	objects = {

/* Begin PBXBuildFile section */
		91853C0CB71D3127346A52E2 /* Util in Frameworks */ = {isa = PBXBuildFile; productRef = 28D2D49F77AEAAC622D4B510 /* Util */; };
		B501990C270371B6005EB78D /* World.swift in Sources */ = {isa = PBXBuildFile; fileRef = B501990B270371B6005EB78D /* World.swift */; };
		BB99E03B6D6C45B732AEDE69 /* Core in Frameworks */ = {isa = PBXBuildFile; productRef = E4032457FC853DD40B249582 /* Core */; };
		C820BAB78770C6F7A73F70E1 /* WelcomeFeature in Frameworks */ = {isa = PBXBuildFile; productRef = 7B8806AF1A37DFEFC1FE89D1 /* WelcomeFeature */; };
		DF1E4BBE0CDF8BC973CB1038 /* Store in Frameworks */ = {isa = PBXBuildFile; productRef = 5D37454D3A595EA694CB452F /* Store */; };
		E142523D0E8BC526B4BC170A /* AppDelegate.swift in Sources */ = {isa = PBXBuildFile; fileRef = 3C99A3CD728F69C614A2EFA8 /* AppDelegate.swift */; };
/* End PBXBuildFile section */

/* Begin PBXFileReference section */
		2B86D1028952A41EB035DAFD /* WelcomeFeature */ = {isa = PBXFileReference; lastKnownFileType = folder; name = WelcomeFeature; path = ../Modules/WelcomeFeature; sourceTree = SOURCE_ROOT; };
		3C99A3CD728F69C614A2EFA8 /* AppDelegate.swift */ = {isa = PBXFileReference; lastKnownFileType = sourcecode.swift; path = AppDelegate.swift; sourceTree = "<group>"; };
		7A0636F54E9F21729C7F0154 /* Info.plist */ = {isa = PBXFileReference; lastKnownFileType = text.plist; path = Info.plist; sourceTree = "<group>"; };
		89F2A301DAE775228E358937 /* Core */ = {isa = PBXFileReference; lastKnownFileType = folder; name = Core; path = ../Modules/Core; sourceTree = SOURCE_ROOT; };
		9590AE17E97CEA910492D019 /* App.app */ = {isa = PBXFileReference; includeInIndex = 0; lastKnownFileType = wrapper.application; path = App.app; sourceTree = BUILT_PRODUCTS_DIR; };
		B501990B270371B6005EB78D /* World.swift */ = {isa = PBXFileReference; lastKnownFileType = sourcecode.swift; path = World.swift; sourceTree = "<group>"; };
		BA0C2E3D5A909A01A2A726BF /* Store */ = {isa = PBXFileReference; lastKnownFileType = folder; name = Store; path = ../Modules/Store; sourceTree = SOURCE_ROOT; };
		BC7C064BC5D96D9097350D72 /* Util */ = {isa = PBXFileReference; lastKnownFileType = folder; name = Util; path = ../Modules/Util; sourceTree = SOURCE_ROOT; };
		CA7E3FEC1DF4B8A49C610D26 /* Tests.xctest */ = {isa = PBXFileReference; includeInIndex = 0; lastKnownFileType = wrapper.cfbundle; path = Tests.xctest; sourceTree = BUILT_PRODUCTS_DIR; };
/* End PBXFileReference section */

/* Begin PBXFrameworksBuildPhase section */
		350DD86E817A7F706F422FFF /* Frameworks */ = {
			isa = PBXFrameworksBuildPhase;
			buildActionMask = 2147483647;
			files = (
				91853C0CB71D3127346A52E2 /* Util in Frameworks */,
				BB99E03B6D6C45B732AEDE69 /* Core in Frameworks */,
				DF1E4BBE0CDF8BC973CB1038 /* Store in Frameworks */,
				C820BAB78770C6F7A73F70E1 /* WelcomeFeature in Frameworks */,
			);
			runOnlyForDeploymentPostprocessing = 0;
		};
/* End PBXFrameworksBuildPhase section */

/* Begin PBXGroup section */
		0FB28D2052726508D867ABBA /* Tests */ = {
			isa = PBXGroup;
			children = (
			);
			path = Tests;
			sourceTree = "<group>";
		};
		13D15C9A22B365F2CF7B09F9 /* Source */ = {
			isa = PBXGroup;
			children = (
				3C99A3CD728F69C614A2EFA8 /* AppDelegate.swift */,
				B501990B270371B6005EB78D /* World.swift */,
				7A0636F54E9F21729C7F0154 /* Info.plist */,
			);
			path = Source;
			sourceTree = "<group>";
		};
		A9180FFC4D21808AEBB2D3A8 = {
			isa = PBXGroup;
			children = (
				D4BAA5C8B87CF8968A4F96E3 /* Packages */,
				13D15C9A22B365F2CF7B09F9 /* Source */,
				0FB28D2052726508D867ABBA /* Tests */,
				B389AF8CD40B353281D3AAF6 /* Products */,
			);
			sourceTree = "<group>";
		};
		B389AF8CD40B353281D3AAF6 /* Products */ = {
			isa = PBXGroup;
			children = (
				9590AE17E97CEA910492D019 /* App.app */,
				CA7E3FEC1DF4B8A49C610D26 /* Tests.xctest */,
			);
			name = Products;
			sourceTree = "<group>";
		};
		D4BAA5C8B87CF8968A4F96E3 /* Packages */ = {
			isa = PBXGroup;
			children = (
				89F2A301DAE775228E358937 /* Core */,
				BA0C2E3D5A909A01A2A726BF /* Store */,
				BC7C064BC5D96D9097350D72 /* Util */,
				2B86D1028952A41EB035DAFD /* WelcomeFeature */,
			);
			name = Packages;
			sourceTree = SOURCE_ROOT;
		};
/* End PBXGroup section */

/* Begin PBXNativeTarget section */
		4E9DB113476FA4373B8436E7 /* Tests */ = {
			isa = PBXNativeTarget;
			buildConfigurationList = 8BFDDF82A3C8312FA43EDC03 /* Build configuration list for PBXNativeTarget "Tests" */;
			buildPhases = (
				BE6F318C4551F48B00E20DAB /* Sources */,
			);
			buildRules = (
			);
			dependencies = (
			);
			name = Tests;
			productName = Tests;
			productReference = CA7E3FEC1DF4B8A49C610D26 /* Tests.xctest */;
			productType = "com.apple.product-type.bundle.unit-test";
		};
		E3B213DB8EC80916EAAC6963 /* App */ = {
			isa = PBXNativeTarget;
			buildConfigurationList = B0105147065522630A896936 /* Build configuration list for PBXNativeTarget "App" */;
			buildPhases = (
				A149BD65085443C3943E7D11 /* Sources */,
				350DD86E817A7F706F422FFF /* Frameworks */,
			);
			buildRules = (
			);
			dependencies = (
			);
			name = App;
			packageProductDependencies = (
				28D2D49F77AEAAC622D4B510 /* Util */,
				E4032457FC853DD40B249582 /* Core */,
				5D37454D3A595EA694CB452F /* Store */,
				7B8806AF1A37DFEFC1FE89D1 /* WelcomeFeature */,
			);
			productName = App;
			productReference = 9590AE17E97CEA910492D019 /* App.app */;
			productType = "com.apple.product-type.application";
		};
/* End PBXNativeTarget section */

/* Begin PBXProject section */
		817C85505579D7F82807D995 /* Project object */ = {
			isa = PBXProject;
			attributes = {
				LastUpgradeCheck = 1200;
			};
			buildConfigurationList = AAA945BCCB04D51898B91515 /* Build configuration list for PBXProject "DinnerTime" */;
			compatibilityVersion = "Xcode 10.0";
			developmentRegion = en;
			hasScannedForEncodings = 0;
			knownRegions = (
				Base,
				en,
			);
			mainGroup = A9180FFC4D21808AEBB2D3A8;
			projectDirPath = "";
			projectRoot = "";
			targets = (
				E3B213DB8EC80916EAAC6963 /* App */,
				4E9DB113476FA4373B8436E7 /* Tests */,
			);
		};
/* End PBXProject section */

/* Begin PBXSourcesBuildPhase section */
		A149BD65085443C3943E7D11 /* Sources */ = {
			isa = PBXSourcesBuildPhase;
			buildActionMask = 2147483647;
			files = (
				B501990C270371B6005EB78D /* World.swift in Sources */,
				E142523D0E8BC526B4BC170A /* AppDelegate.swift in Sources */,
			);
			runOnlyForDeploymentPostprocessing = 0;
		};
		BE6F318C4551F48B00E20DAB /* Sources */ = {
			isa = PBXSourcesBuildPhase;
			buildActionMask = 2147483647;
			files = (
			);
			runOnlyForDeploymentPostprocessing = 0;
		};
/* End PBXSourcesBuildPhase section */

/* Begin XCBuildConfiguration section */
		4527782E8C9549431BAB8202 /* Debug */ = {
			isa = XCBuildConfiguration;
			buildSettings = {
				ALWAYS_SEARCH_USER_PATHS = NO;
				CLANG_ANALYZER_NONNULL = YES;
				CLANG_ANALYZER_NUMBER_OBJECT_CONVERSION = YES_AGGRESSIVE;
				CLANG_CXX_LANGUAGE_STANDARD = "gnu++14";
				CLANG_CXX_LIBRARY = "libc++";
				CLANG_ENABLE_MODULES = YES;
				CLANG_ENABLE_OBJC_ARC = YES;
				CLANG_ENABLE_OBJC_WEAK = YES;
				CLANG_WARN_BLOCK_CAPTURE_AUTORELEASING = YES;
				CLANG_WARN_BOOL_CONVERSION = YES;
				CLANG_WARN_COMMA = YES;
				CLANG_WARN_CONSTANT_CONVERSION = YES;
				CLANG_WARN_DEPRECATED_OBJC_IMPLEMENTATIONS = YES;
				CLANG_WARN_DIRECT_OBJC_ISA_USAGE = YES_ERROR;
				CLANG_WARN_DOCUMENTATION_COMMENTS = YES;
				CLANG_WARN_EMPTY_BODY = YES;
				CLANG_WARN_ENUM_CONVERSION = YES;
				CLANG_WARN_INFINITE_RECURSION = YES;
				CLANG_WARN_INT_CONVERSION = YES;
				CLANG_WARN_NON_LITERAL_NULL_CONVERSION = YES;
				CLANG_WARN_OBJC_IMPLICIT_RETAIN_SELF = YES;
				CLANG_WARN_OBJC_LITERAL_CONVERSION = YES;
				CLANG_WARN_OBJC_ROOT_CLASS = YES_ERROR;
				CLANG_WARN_QUOTED_INCLUDE_IN_FRAMEWORK_HEADER = YES;
				CLANG_WARN_RANGE_LOOP_ANALYSIS = YES;
				CLANG_WARN_STRICT_PROTOTYPES = YES;
				CLANG_WARN_SUSPICIOUS_MOVE = YES;
				CLANG_WARN_UNGUARDED_AVAILABILITY = YES_AGGRESSIVE;
				CLANG_WARN_UNREACHABLE_CODE = YES;
				CLANG_WARN__DUPLICATE_METHOD_MATCH = YES;
				COPY_PHASE_STRIP = NO;
				DEBUG_INFORMATION_FORMAT = dwarf;
				ENABLE_STRICT_OBJC_MSGSEND = YES;
				ENABLE_TESTABILITY = YES;
				GCC_C_LANGUAGE_STANDARD = gnu11;
				GCC_DYNAMIC_NO_PIC = NO;
				GCC_NO_COMMON_BLOCKS = YES;
				GCC_OPTIMIZATION_LEVEL = 0;
				GCC_PREPROCESSOR_DEFINITIONS = (
					"$(inherited)",
					"DEBUG=1",
				);
				GCC_WARN_64_TO_32_BIT_CONVERSION = YES;
				GCC_WARN_ABOUT_RETURN_TYPE = YES_ERROR;
				GCC_WARN_UNDECLARED_SELECTOR = YES;
				GCC_WARN_UNINITIALIZED_AUTOS = YES_AGGRESSIVE;
				GCC_WARN_UNUSED_FUNCTION = YES;
				GCC_WARN_UNUSED_VARIABLE = YES;
				MTL_ENABLE_DEBUG_INFO = INCLUDE_SOURCE;
				MTL_FAST_MATH = YES;
				ONLY_ACTIVE_ARCH = YES;
				PRODUCT_NAME = "$(TARGET_NAME)";
				SDKROOT = iphoneos;
				SWIFT_ACTIVE_COMPILATION_CONDITIONS = DEBUG;
				SWIFT_OPTIMIZATION_LEVEL = "-Onone";
				SWIFT_VERSION = 5.0;
			};
			name = Debug;
		};
		574E39696295E20372C65725 /* Release */ = {
			isa = XCBuildConfiguration;
			buildSettings = {
				ASSETCATALOG_COMPILER_APPICON_NAME = AppIcon;
				CODE_SIGN_IDENTITY = "iPhone Developer";
				INFOPLIST_FILE = Source/Info.plist;
				IPHONEOS_DEPLOYMENT_TARGET = 14.0;
				LD_RUNPATH_SEARCH_PATHS = (
					"$(inherited)",
					"@executable_path/Frameworks",
				);
				PRODUCT_BUNDLE_IDENTIFIER = com.ficklebits.dinnertime.App;
				SDKROOT = iphoneos;
				TARGETED_DEVICE_FAMILY = "1,2";
			};
			name = Release;
		};
		798BFAB61A28348B625D0D7B /* Debug */ = {
			isa = XCBuildConfiguration;
			buildSettings = {
				ASSETCATALOG_COMPILER_APPICON_NAME = AppIcon;
				CODE_SIGN_IDENTITY = "iPhone Developer";
				INFOPLIST_FILE = Source/Info.plist;
				IPHONEOS_DEPLOYMENT_TARGET = 14.0;
				LD_RUNPATH_SEARCH_PATHS = (
					"$(inherited)",
					"@executable_path/Frameworks",
				);
				PRODUCT_BUNDLE_IDENTIFIER = com.ficklebits.dinnertime.App;
				SDKROOT = iphoneos;
				TARGETED_DEVICE_FAMILY = "1,2";
			};
			name = Debug;
		};
		9E899FB72D909D9717C18394 /* Debug */ = {
			isa = XCBuildConfiguration;
			buildSettings = {
				BUNDLE_LOADER = "$(TEST_HOST)";
				IPHONEOS_DEPLOYMENT_TARGET = 14.0;
				LD_RUNPATH_SEARCH_PATHS = (
					"$(inherited)",
					"@executable_path/Frameworks",
					"@loader_path/Frameworks",
				);
				PRODUCT_BUNDLE_IDENTIFIER = com.ficklebits.dinnertime.Tests;
				SDKROOT = iphoneos;
				TARGETED_DEVICE_FAMILY = "1,2";
			};
			name = Debug;
		};
		AB4C95ABF95B1B1DA9AF33E2 /* Release */ = {
			isa = XCBuildConfiguration;
			buildSettings = {
				ALWAYS_SEARCH_USER_PATHS = NO;
				CLANG_ANALYZER_NONNULL = YES;
				CLANG_ANALYZER_NUMBER_OBJECT_CONVERSION = YES_AGGRESSIVE;
				CLANG_CXX_LANGUAGE_STANDARD = "gnu++14";
				CLANG_CXX_LIBRARY = "libc++";
				CLANG_ENABLE_MODULES = YES;
				CLANG_ENABLE_OBJC_ARC = YES;
				CLANG_ENABLE_OBJC_WEAK = YES;
				CLANG_WARN_BLOCK_CAPTURE_AUTORELEASING = YES;
				CLANG_WARN_BOOL_CONVERSION = YES;
				CLANG_WARN_COMMA = YES;
				CLANG_WARN_CONSTANT_CONVERSION = YES;
				CLANG_WARN_DEPRECATED_OBJC_IMPLEMENTATIONS = YES;
				CLANG_WARN_DIRECT_OBJC_ISA_USAGE = YES_ERROR;
				CLANG_WARN_DOCUMENTATION_COMMENTS = YES;
				CLANG_WARN_EMPTY_BODY = YES;
				CLANG_WARN_ENUM_CONVERSION = YES;
				CLANG_WARN_INFINITE_RECURSION = YES;
				CLANG_WARN_INT_CONVERSION = YES;
				CLANG_WARN_NON_LITERAL_NULL_CONVERSION = YES;
				CLANG_WARN_OBJC_IMPLICIT_RETAIN_SELF = YES;
				CLANG_WARN_OBJC_LITERAL_CONVERSION = YES;
				CLANG_WARN_OBJC_ROOT_CLASS = YES_ERROR;
				CLANG_WARN_QUOTED_INCLUDE_IN_FRAMEWORK_HEADER = YES;
				CLANG_WARN_RANGE_LOOP_ANALYSIS = YES;
				CLANG_WARN_STRICT_PROTOTYPES = YES;
				CLANG_WARN_SUSPICIOUS_MOVE = YES;
				CLANG_WARN_UNGUARDED_AVAILABILITY = YES_AGGRESSIVE;
				CLANG_WARN_UNREACHABLE_CODE = YES;
				CLANG_WARN__DUPLICATE_METHOD_MATCH = YES;
				COPY_PHASE_STRIP = NO;
				DEBUG_INFORMATION_FORMAT = "dwarf-with-dsym";
				ENABLE_NS_ASSERTIONS = NO;
				ENABLE_STRICT_OBJC_MSGSEND = YES;
				GCC_C_LANGUAGE_STANDARD = gnu11;
				GCC_NO_COMMON_BLOCKS = YES;
				GCC_WARN_64_TO_32_BIT_CONVERSION = YES;
				GCC_WARN_ABOUT_RETURN_TYPE = YES_ERROR;
				GCC_WARN_UNDECLARED_SELECTOR = YES;
				GCC_WARN_UNINITIALIZED_AUTOS = YES_AGGRESSIVE;
				GCC_WARN_UNUSED_FUNCTION = YES;
				GCC_WARN_UNUSED_VARIABLE = YES;
				MTL_ENABLE_DEBUG_INFO = NO;
				MTL_FAST_MATH = YES;
				PRODUCT_NAME = "$(TARGET_NAME)";
				SDKROOT = iphoneos;
				SWIFT_COMPILATION_MODE = wholemodule;
				SWIFT_OPTIMIZATION_LEVEL = "-O";
				SWIFT_VERSION = 5.0;
			};
			name = Release;
		};
		BDCD70BCF4FB068D7B5BAF60 /* Release */ = {
			isa = XCBuildConfiguration;
			buildSettings = {
				BUNDLE_LOADER = "$(TEST_HOST)";
				IPHONEOS_DEPLOYMENT_TARGET = 14.0;
				LD_RUNPATH_SEARCH_PATHS = (
					"$(inherited)",
					"@executable_path/Frameworks",
					"@loader_path/Frameworks",
				);
				PRODUCT_BUNDLE_IDENTIFIER = com.ficklebits.dinnertime.Tests;
				SDKROOT = iphoneos;
				TARGETED_DEVICE_FAMILY = "1,2";
			};
			name = Release;
		};
/* End XCBuildConfiguration section */

/* Begin XCConfigurationList section */
		8BFDDF82A3C8312FA43EDC03 /* Build configuration list for PBXNativeTarget "Tests" */ = {
			isa = XCConfigurationList;
			buildConfigurations = (
				9E899FB72D909D9717C18394 /* Debug */,
				BDCD70BCF4FB068D7B5BAF60 /* Release */,
			);
			defaultConfigurationIsVisible = 0;
			defaultConfigurationName = Debug;
		};
		AAA945BCCB04D51898B91515 /* Build configuration list for PBXProject "DinnerTime" */ = {
			isa = XCConfigurationList;
			buildConfigurations = (
				4527782E8C9549431BAB8202 /* Debug */,
				AB4C95ABF95B1B1DA9AF33E2 /* Release */,
			);
			defaultConfigurationIsVisible = 0;
			defaultConfigurationName = Debug;
		};
		B0105147065522630A896936 /* Build configuration list for PBXNativeTarget "App" */ = {
			isa = XCConfigurationList;
			buildConfigurations = (
				798BFAB61A28348B625D0D7B /* Debug */,
				574E39696295E20372C65725 /* Release */,
			);
			defaultConfigurationIsVisible = 0;
			defaultConfigurationName = Debug;
		};
/* End XCConfigurationList section */

/* Begin XCSwiftPackageProductDependency section */
		28D2D49F77AEAAC622D4B510 /* Util */ = {
			isa = XCSwiftPackageProductDependency;
			productName = Util;
		};
		5D37454D3A595EA694CB452F /* Store */ = {
			isa = XCSwiftPackageProductDependency;
			productName = Store;
		};
		7B8806AF1A37DFEFC1FE89D1 /* WelcomeFeature */ = {
			isa = XCSwiftPackageProductDependency;
			productName = WelcomeFeature;
		};
		E4032457FC853DD40B249582 /* Core */ = {
			isa = XCSwiftPackageProductDependency;
			productName = Core;
		};
/* End XCSwiftPackageProductDependency section */
	};
	rootObject = 817C85505579D7F82807D995 /* Project object */;
}
